# THIS IS AN AUTOGENERATED FILE. DO NOT EDIT THIS FILE DIRECTLY.
# yarn lockfile v1


"@babel/polyfill@^7.0.0":
  version "7.8.7"
  resolved "https://registry.yarnpkg.com/@babel/polyfill/-/polyfill-7.8.7.tgz#151ec24c7135481336168c3bd8b8bf0cf91c032f"
  integrity sha512-LeSfP9bNZH2UOZgcGcZ0PIHUt1ZuHub1L3CVmEyqLxCeDLm4C5Gi8jRH8ZX2PNpDhQCo0z6y/+DIs2JlliXW8w==
  dependencies:
    core-js "^2.6.5"
    regenerator-runtime "^0.13.4"

"@types/unist@^2.0.0":
  version "2.0.3"
  resolved "https://registry.yarnpkg.com/@types/unist/-/unist-2.0.3.tgz#9c088679876f374eb5983f150d4787aa6fb32d7e"
  integrity sha512-FvUupuM3rlRsRtCN+fDudtmytGO6iHJuuRKS1Ss0pG5z8oX0diNEw94UEL7hgDbpN94rgaK5R7sWm6RrSkZuAQ==

balanced-match@^1.0.0:
  version "1.0.0"
  resolved "https://registry.yarnpkg.com/balanced-match/-/balanced-match-1.0.0.tgz#89b4d199ab2bee49de164ea02b89ce462d71b767"
  integrity sha1-ibTRmasr7kneFk6gK4nORi1xt2c=

bcp-47-match@^1.0.0:
  version "1.0.2"
  resolved "https://registry.yarnpkg.com/bcp-47-match/-/bcp-47-match-1.0.2.tgz#a222ff4a34d2b91615e306d3a7352f809ca676ca"
  integrity sha512-LugfCkkRdq/h8vVcQjhKxgm+c84AKHMvyNkFyy/jxCnTsEqj2lULoEm9ooUWbwWDwL2rok9GoQXMu7iETJO+uw==

boolbase@~1.0.0:
  version "1.0.0"
  resolved "https://registry.yarnpkg.com/boolbase/-/boolbase-1.0.0.tgz#68dff5fbe60c51eb37725ea9e3ed310dcc1e776e"
  integrity sha1-aN/1++YMUes3cl6p4+0xDcwed24=

brace-expansion@^1.1.7:
  version "1.1.11"
  resolved "https://registry.yarnpkg.com/brace-expansion/-/brace-expansion-1.1.11.tgz#3c7fcbf529d87226f3d2f52b966ff5271eb441dd"
  integrity sha512-iCuPHDFgrHX7H2vEI/5xpz07zSHB00TpugqhmYtVmMO6518mCuRMoOYFldEBl0g187ufozdaHgWKcYFb61qGiA==
  dependencies:
    balanced-match "^1.0.0"
    concat-map "0.0.1"

ccount@^1.0.0:
  version "1.0.5"
  resolved "https://registry.yarnpkg.com/ccount/-/ccount-1.0.5.tgz#ac82a944905a65ce204eb03023157edf29425c17"
  integrity sha512-MOli1W+nfbPLlKEhInaxhRdp7KVLFxLN5ykwzHgLsLI3H3gs5jjFAK4Eoj3OzzcxCtumDaI8onoVDeQyWaNTkw==

character-entities-html4@^1.0.0:
  version "1.1.4"
  resolved "https://registry.yarnpkg.com/character-entities-html4/-/character-entities-html4-1.1.4.tgz#0e64b0a3753ddbf1fdc044c5fd01d0199a02e125"
  integrity sha512-HRcDxZuZqMx3/a+qrzxdBKBPUpxWEq9xw2OPZ3a/174ihfrQKVsFhqtthBInFy1zZ9GgZyFXOatNujm8M+El3g==

character-entities-legacy@^1.0.0:
  version "1.1.4"
  resolved "https://registry.yarnpkg.com/character-entities-legacy/-/character-entities-legacy-1.1.4.tgz#94bc1845dce70a5bb9d2ecc748725661293d8fc1"
  integrity sha512-3Xnr+7ZFS1uxeiUDvV02wQ+QDbc55o97tIV5zHScSPJpcLm/r0DFPcoY3tYRp+VZukxuMeKgXYmsXQHO05zQeA==

comma-separated-tokens@^1.0.0:
  version "1.0.8"
  resolved "https://registry.yarnpkg.com/comma-separated-tokens/-/comma-separated-tokens-1.0.8.tgz#632b80b6117867a158f1080ad498b2fbe7e3f5ea"
  integrity sha512-GHuDRO12Sypu2cV70d1dkA2EUmXHgntrzbpvOB+Qy+49ypNfGgFQIC2fhhXbnyrJRynDCAARsT7Ou0M6hirpfw==

concat-map@0.0.1:
  version "0.0.1"
  resolved "https://registry.yarnpkg.com/concat-map/-/concat-map-0.0.1.tgz#d8a96bd77fd68df7793a73036a3ba0d5405d477b"
  integrity sha1-2Klr13/Wjfd5OnMDajug1UBdR3s=

core-js@^2.6.5:
  version "2.6.11"
  resolved "https://registry.yarnpkg.com/core-js/-/core-js-2.6.11.tgz#38831469f9922bded8ee21c9dc46985e0399308c"
  integrity sha512-5wjnpaT/3dV+XB4borEsnAYQchn00XSgTAWKDkEqv+K8KevjbzmofK6hfJ9TZIlpj2N0xQpazy7PiRQiWHqzWg==

css-selector-parser@^1.0.0, css-selector-parser@^1.3.0:
  version "1.4.1"
  resolved "https://registry.yarnpkg.com/css-selector-parser/-/css-selector-parser-1.4.1.tgz#03f9cb8a81c3e5ab2c51684557d5aaf6d2569759"
  integrity sha512-HYPSb7y/Z7BNDCOrakL4raGO2zltZkbeXyAd6Tg9obzix6QhzxCotdBl6VT0Dv4vZfJGVz3WL/xaEI9Ly3ul0g==

direction@^1.0.0:
  version "1.0.4"
  resolved "https://registry.yarnpkg.com/direction/-/direction-1.0.4.tgz#2b86fb686967e987088caf8b89059370d4837442"
  integrity sha512-GYqKi1aH7PJXxdhTeZBFrg8vUBeKXi+cNprXsC1kpJcbcVnV9wBsrOu1cQEdG0WeQwlfHiy3XvnKfIrJ2R0NzQ==

doctype@^2.0.0:
  version "2.0.4"
  resolved "https://registry.yarnpkg.com/doctype/-/doctype-2.0.4.tgz#c73599b188badc4f80e4f3a2b2652bd2b16e4048"
  integrity sha512-F/jNGPmCYBIj+La+gUPRJLqc6Rt+XCaHipUtYdAQ4Tzz1kW01PpcyYmQT2Mhw7VjBriAsSjwRVa1IRiyOvWX1Q==

dotenv@^8.2.0:
  version "8.2.0"
  resolved "https://registry.yarnpkg.com/dotenv/-/dotenv-8.2.0.tgz#97e619259ada750eea3e4ea3e26bceea5424b16a"
  integrity sha512-8sJ78ElpbDJBHNeBzUbUVLsqKdccaa/BXF1uPTw3GrvQTBgrQrtObr2mUrE38vzYd8cEv+m/JBfDLioYcfXoaw==

fs.realpath@^1.0.0:
  version "1.0.0"
  resolved "https://registry.yarnpkg.com/fs.realpath/-/fs.realpath-1.0.0.tgz#1504ad2523158caa40db4a2787cb01411994ea4f"
  integrity sha1-FQStJSMVjKpA20onh8sBQRmU6k8=

glob@^7.1.3:
  version "7.1.6"
  resolved "https://registry.yarnpkg.com/glob/-/glob-7.1.6.tgz#141f33b81a7c2492e125594307480c46679278a6"
  integrity sha512-LwaxwyZ72Lk7vZINtNNrywX0ZuLyStrdDtabefZKAY5ZGJhVtgdznluResxNmPitE0SAO+O26sWTHeKSI2wMBA==
  dependencies:
    fs.realpath "^1.0.0"
    inflight "^1.0.4"
    inherits "2"
    minimatch "^3.0.4"
    once "^1.3.0"
    path-is-absolute "^1.0.0"

hast-util-from-selector@^1.0.0:
  version "1.0.1"
  resolved "https://registry.yarnpkg.com/hast-util-from-selector/-/hast-util-from-selector-1.0.1.tgz#2ee72d88c3902d2f288f4052eee3d3ac2a684150"
  integrity sha512-+UNPCfMGRGacOoxghEUWBejFwdZbNUhVQsmh7IVJosOeqATgCS62XVrqWeNThqaVdR1llpZOQDPb1gTXxvNqPQ==
  dependencies:
    css-selector-parser "^1.3.0"
    hastscript "^5.0.0"
    zwitch "^1.0.4"

hast-util-has-property@^1.0.0:
  version "1.0.4"
  resolved "https://registry.yarnpkg.com/hast-util-has-property/-/hast-util-has-property-1.0.4.tgz#9f137565fad6082524b382c1e7d7d33ca5059f36"
  integrity sha512-ghHup2voGfgFoHMGnaLHOjbYFACKrRh9KFttdCzMCbFoBMJXiNi2+XTrPP8+q6cDJM/RSqlCfVWrjp1H201rZg==

hast-util-is-element@^1.0.0:
  version "1.0.4"
  resolved "https://registry.yarnpkg.com/hast-util-is-element/-/hast-util-is-element-1.0.4.tgz#059090a05cc02e275df1ad02caf8cb422fcd2e02"
  integrity sha512-NFR6ljJRvDcyPP5SbV7MyPBgF47X3BsskLnmw1U34yL+X6YC0MoBx9EyMg8Jtx4FzGH95jw8+c1VPLHaRA0wDQ==

hast-util-parse-selector@^2.0.0:
  version "2.2.4"
  resolved "https://registry.yarnpkg.com/hast-util-parse-selector/-/hast-util-parse-selector-2.2.4.tgz#60c99d0b519e12ab4ed32e58f150ec3f61ed1974"
  integrity sha512-gW3sxfynIvZApL4L07wryYF4+C9VvH3AUi7LAnVXV4MneGEgwOByXvFo18BgmTWnm7oHAe874jKbIB1YhHSIzA==

hast-util-select@^4.0.0:
  version "4.0.0"
  resolved "https://registry.yarnpkg.com/hast-util-select/-/hast-util-select-4.0.0.tgz#0eda0933853792dd2865f54510db123b00d675c8"
  integrity sha512-FL8rsw0eleGk4Itt3LdSiUvTDZoD1Uz79c/JxVuIjT6uKqOX+gTna0zVu4/lT4Aifw/Z7rdH5wLXtyfp/d+Gdw==
  dependencies:
    bcp-47-match "^1.0.0"
    comma-separated-tokens "^1.0.0"
    css-selector-parser "^1.0.0"
    direction "^1.0.0"
    hast-util-has-property "^1.0.0"
    hast-util-is-element "^1.0.0"
    hast-util-to-string "^1.0.0"
    hast-util-whitespace "^1.0.0"
    not "^0.1.0"
    nth-check "^1.0.0"
    property-information "^5.0.0"
    space-separated-tokens "^1.0.0"
    unist-util-visit "^2.0.0"
    zwitch "^1.0.0"

hast-util-to-html@^7.0.0:
  version "7.1.0"
  resolved "https://registry.yarnpkg.com/hast-util-to-html/-/hast-util-to-html-7.1.0.tgz#aa580e7b846438ee1e7af2bee6a650062eb0c3ec"
  integrity sha512-RjvNL41bYnxTOA+s8W8mjhVxH1J0dXza9hlakVHbghFsfj3JO/lsq3DsR/Md2HbynS8y89/LA7k0lhtnYJ1Yzw==
  dependencies:
    ccount "^1.0.0"
    comma-separated-tokens "^1.0.0"
    hast-util-is-element "^1.0.0"
    hast-util-whitespace "^1.0.0"
    html-void-elements "^1.0.0"
    property-information "^5.0.0"
    space-separated-tokens "^1.0.0"
    stringify-entities "^3.0.0"
    unist-util-is "^4.0.0"
    xtend "^4.0.0"

hast-util-to-string@^1.0.0:
  version "1.0.3"
  resolved "https://registry.yarnpkg.com/hast-util-to-string/-/hast-util-to-string-1.0.3.tgz#897d4bbd0dc7a9b0765a943a82fa38136277de1f"
  integrity sha512-3lDgDE5OdpTfP3aFeKRWEwdIZ4vprztvp+AoD+RhF7uGOBs1yBDWZFadxnjcUV4KCoI3vB9A7gdFO98hEXA90w==

hast-util-whitespace@^1.0.0:
  version "1.0.4"
  resolved "https://registry.yarnpkg.com/hast-util-whitespace/-/hast-util-whitespace-1.0.4.tgz#e4fe77c4a9ae1cb2e6c25e02df0043d0164f6e41"
  integrity sha512-I5GTdSfhYfAPNztx2xJRQpG8cuDSNt599/7YUn7Gx/WxNMsG+a835k97TDkFgk123cwjfwINaZknkKkphx/f2A==

hastscript@^5.0.0:
  version "5.1.2"
  resolved "https://registry.yarnpkg.com/hastscript/-/hastscript-5.1.2.tgz#bde2c2e56d04c62dd24e8c5df288d050a355fb8a"
  integrity sha512-WlztFuK+Lrvi3EggsqOkQ52rKbxkXL3RwB6t5lwoa8QLMemoWfBuL43eDrwOamJyR7uKQKdmKYaBH1NZBiIRrQ==
  dependencies:
    comma-separated-tokens "^1.0.0"
    hast-util-parse-selector "^2.0.0"
    property-information "^5.0.0"
    space-separated-tokens "^1.0.0"

html-void-elements@^1.0.0:
  version "1.0.5"
  resolved "https://registry.yarnpkg.com/html-void-elements/-/html-void-elements-1.0.5.tgz#ce9159494e86d95e45795b166c2021c2cfca4483"
  integrity sha512-uE/TxKuyNIcx44cIWnjr/rfIATDH7ZaOMmstu0CwhFG1Dunhlp4OC6/NMbhiwoq5BpW0ubi303qnEk/PZj614w==

inflight@^1.0.4:
  version "1.0.6"
  resolved "https://registry.yarnpkg.com/inflight/-/inflight-1.0.6.tgz#49bd6331d7d02d0c09bc910a1075ba8165b56df9"
  integrity sha1-Sb1jMdfQLQwJvJEKEHW6gWW1bfk=
  dependencies:
    once "^1.3.0"
    wrappy "1"

inherits@2:
  version "2.0.4"
  resolved "https://registry.yarnpkg.com/inherits/-/inherits-2.0.4.tgz#0fa2c64f932917c3433a0ded55363aae37416b7c"
  integrity sha512-k/vGaX4/Yla3WzyMCvTQOXYeIHvqOKtnqBduzTHpzpQZzAskKMhZ2K+EnBiSM9zGSoIFeMpXKxa4dYeZIQqewQ==

is-alphabetical@^1.0.0:
  version "1.0.4"
  resolved "https://registry.yarnpkg.com/is-alphabetical/-/is-alphabetical-1.0.4.tgz#9e7d6b94916be22153745d184c298cbf986a686d"
  integrity sha512-DwzsA04LQ10FHTZuL0/grVDk4rFoVH1pjAToYwBrHSxcrBIGQuXrQMtD5U1b0U2XVgKZCTLLP8u2Qxqhy3l2Vg==

is-alphanumerical@^1.0.0:
  version "1.0.4"
  resolved "https://registry.yarnpkg.com/is-alphanumerical/-/is-alphanumerical-1.0.4.tgz#7eb9a2431f855f6b1ef1a78e326df515696c4dbf"
  integrity sha512-UzoZUr+XfVz3t3v4KyGEniVL9BDRoQtY7tOyrRybkVNjDFWyo1yhXNGrrBTQxp3ib9BLAWs7k2YKBQsFRkZG9A==
  dependencies:
    is-alphabetical "^1.0.0"
    is-decimal "^1.0.0"

is-decimal@^1.0.0, is-decimal@^1.0.2:
  version "1.0.4"
  resolved "https://registry.yarnpkg.com/is-decimal/-/is-decimal-1.0.4.tgz#65a3a5958a1c5b63a706e1b333d7cd9f630d3fa5"
  integrity sha512-RGdriMmQQvZ2aqaQq3awNA6dCGtKpiDFcOzrTWrDAT2MiWrKQVPmxLGHl7Y2nNu6led0kEyoX0enY0qXYsv9zw==

is-hexadecimal@^1.0.0:
  version "1.0.4"
  resolved "https://registry.yarnpkg.com/is-hexadecimal/-/is-hexadecimal-1.0.4.tgz#cc35c97588da4bd49a8eedd6bc4082d44dcb23a7"
  integrity sha512-gyPJuv83bHMpocVYoqof5VDiZveEoGoFL8m3BXNb2VW8Xs+rz9kqO8LOQ5DH6EsuvilT1ApazU0pyl+ytbPtlw==

minimatch@^3.0.4:
  version "3.0.4"
  resolved "https://registry.yarnpkg.com/minimatch/-/minimatch-3.0.4.tgz#5166e286457f03306064be5497e8dbb0c3d32083"
  integrity sha512-yJHVQEhyqPLUTgt9B83PXu6W3rx4MvvHvSUvToogpwoGDOUQ+yDrR0HRot+yOCdCO7u4hX3pWft6kWBBcqh0UA==
  dependencies:
    brace-expansion "^1.1.7"

newsapi@^2.4.0:
  version "2.4.0"
  resolved "https://registry.yarnpkg.com/newsapi/-/newsapi-2.4.0.tgz#c016275b3f0813f1ef90ccda94638a9062870bd3"
  integrity sha512-1cupr3Gksz9GiwGLJfCWySoAVY+CPAZ4+3w8wEKFXBuHqUyq4+SqTbCVZ0FNvJ3w2oX2NxeVOiL17Phta+E6gA==
  dependencies:
    "@babel/polyfill" "^7.0.0"
    node-fetch "^2.2.0"

node-fetch@^2.2.0:
  version "2.6.0"
  resolved "https://registry.yarnpkg.com/node-fetch/-/node-fetch-2.6.0.tgz#e633456386d4aa55863f676a7ab0daa8fdecb0fd"
  integrity sha512-8dG4H5ujfvFiqDmVu9fQ5bOHUC15JMjMY/Zumv26oOvvVJjM67KF8koCWIabKQ1GJIa9r2mMZscBq/TbdOcmNA==

not@^0.1.0:
  version "0.1.0"
  resolved "https://registry.yarnpkg.com/not/-/not-0.1.0.tgz#c9691c1746c55dcfbe54cbd8bd4ff041bc2b519d"
  integrity sha1-yWkcF0bFXc++VMvYvU/wQbwrUZ0=

nth-check@^1.0.0:
  version "1.0.2"
  resolved "https://registry.yarnpkg.com/nth-check/-/nth-check-1.0.2.tgz#b2bd295c37e3dd58a3bf0700376663ba4d9cf05c"
  integrity sha512-WeBOdju8SnzPN5vTUJYxYUxLeXpCaVP5i5e0LF8fg7WORF2Wd7wFX/pk0tYZk7s8T+J7VLy0Da6J1+wCT0AtHg==
  dependencies:
    boolbase "~1.0.0"

once@^1.3.0:
  version "1.4.0"
  resolved "https://registry.yarnpkg.com/once/-/once-1.4.0.tgz#583b1aa775961d4b113ac17d9c50baef9dd76bd1"
  integrity sha1-WDsap3WWHUsROsF9nFC6753Xa9E=
  dependencies:
    wrappy "1"

path-is-absolute@^1.0.0:
  version "1.0.1"
  resolved "https://registry.yarnpkg.com/path-is-absolute/-/path-is-absolute-1.0.1.tgz#174b9268735534ffbc7ace6bf53a5a9e1b5c5f5f"
  integrity sha1-F0uSaHNVNP+8es5r9TpanhtcX18=

property-information@^5.0.0:
  version "5.4.0"
  resolved "https://registry.yarnpkg.com/property-information/-/property-information-5.4.0.tgz#16e08f13f4e5c4a7be2e4ec431c01c4f8dba869a"
  integrity sha512-nmMWAm/3vKFGmmOWOcdLjgq/Hlxa+hsuR/px1Lp/UGEyc5A22A6l78Shc2C0E71sPmAqglni+HrS7L7VJ7AUCA==
  dependencies:
    xtend "^4.0.0"

regenerator-runtime@^0.13.4:
  version "0.13.5"
  resolved "https://registry.yarnpkg.com/regenerator-runtime/-/regenerator-runtime-0.13.5.tgz#d878a1d094b4306d10b9096484b33ebd55e26697"
  integrity sha512-ZS5w8CpKFinUzOwW3c83oPeVXoNsrLsaCoLtJvAClH135j/R77RuymhiSErhm2lKcwSCIpmvIWSbDkIfAqKQlA==

rehype-document@^4.0.0:
  version "4.0.0"
  resolved "https://registry.yarnpkg.com/rehype-document/-/rehype-document-4.0.0.tgz#0d55b0d97a0a41fefa6e0d1b4fbc6c5bb047b94b"
  integrity sha512-yaZGf1NqOzjEc799JtCkEVjctaVJ1utouSHqM4P1Sav4BteWq2YHSh6poBkbQVjwOX2rWVh/bmtC09wl8Gh0VQ==
  dependencies:
    doctype "^2.0.0"
    hastscript "^5.0.0"
    unist-builder "^2.0.0"

rehype-meta@^2.0.0:
  version "2.0.0"
  resolved "https://registry.yarnpkg.com/rehype-meta/-/rehype-meta-2.0.0.tgz#6d697cf5a6cfe4929deefe528ef2a47f1d936585"
  integrity sha512-CRWDzWbZfQEHh/qlikDPc2giBnCqQ5ZhyTMbRdRTF46SNBXBYhJUhyfa2LBV0PcEgqjDY3ayihOSmYi8ITs48g==
  dependencies:
    hast-util-from-selector "^1.0.0"
    hast-util-select "^4.0.0"
    hastscript "^5.0.0"

rehype-stringify@^7.0.0:
  version "7.0.0"
  resolved "https://registry.yarnpkg.com/rehype-stringify/-/rehype-stringify-7.0.0.tgz#abbb172b3a2784a5739394846f6092eefda0ae1f"
  integrity sha512-u3dQI7mIWN2X1H0MBFPva425HbkXgB+M39C9SM5leUS2kh5hHUn2SxQs2c2yZN5eIHipoLMojC0NP5e8fptxvQ==
  dependencies:
    hast-util-to-html "^7.0.0"
    xtend "^4.0.0"

rimraf@^3.0.2:
  version "3.0.2"
  resolved "https://registry.yarnpkg.com/rimraf/-/rimraf-3.0.2.tgz#f1a5402ba6220ad52cc1282bac1ae3aa49fd061a"
  integrity sha512-JZkJMZkAGFFPP2YqXZXPbMlMBgsxzE8ILs4lMIX/2o0L9UBw9O/Y3o6wFw/i9YLapcUJWwqbi3kdxIPdC62TIA==
  dependencies:
    glob "^7.1.3"

space-separated-tokens@^1.0.0:
  version "1.1.5"
  resolved "https://registry.yarnpkg.com/space-separated-tokens/-/space-separated-tokens-1.1.5.tgz#85f32c3d10d9682007e917414ddc5c26d1aa6899"
  integrity sha512-q/JSVd1Lptzhf5bkYm4ob4iWPjx0KiRe3sRFBNrVqbJkFaBm5vbbowy1mymoPNLRa52+oadOhJ+K49wsSeSjTA==

stringify-entities@^3.0.0:
  version "3.0.0"
  resolved "https://registry.yarnpkg.com/stringify-entities/-/stringify-entities-3.0.0.tgz#455abe501f8b7859ba5726a25a8872333c65b0a7"
  integrity sha512-h7NJJIssprqlyjHT2eQt2W1F+MCcNmwPGlKb0bWEdET/3N44QN3QbUF/ueKCgAssyKRZ3Br9rQ7FcXjHr0qLHw==
  dependencies:
    character-entities-html4 "^1.0.0"
    character-entities-legacy "^1.0.0"
    is-alphanumerical "^1.0.0"
    is-decimal "^1.0.2"
    is-hexadecimal "^1.0.0"

unist-builder@^2.0.0:
  version "2.0.3"
  resolved "https://registry.yarnpkg.com/unist-builder/-/unist-builder-2.0.3.tgz#77648711b5d86af0942f334397a33c5e91516436"
  integrity sha512-f98yt5pnlMWlzP539tPc4grGMsFaQQlP/vM396b00jngsiINumNmsY8rkXjfoi1c6QaM8nQ3vaGDuoKWbe/1Uw==

unist-util-is@^4.0.0:
  version "4.0.2"
  resolved "https://registry.yarnpkg.com/unist-util-is/-/unist-util-is-4.0.2.tgz#c7d1341188aa9ce5b3cff538958de9895f14a5de"
  integrity sha512-Ofx8uf6haexJwI1gxWMGg6I/dLnF2yE+KibhD3/diOqY2TinLcqHXCV6OI5gFVn3xQqDH+u0M625pfKwIwgBKQ==

unist-util-visit-parents@^3.0.0:
  version "3.0.2"
  resolved "https://registry.yarnpkg.com/unist-util-visit-parents/-/unist-util-visit-parents-3.0.2.tgz#d4076af3011739c71d2ce99d05de37d545f4351d"
  integrity sha512-yJEfuZtzFpQmg1OSCyS9M5NJRrln/9FbYosH3iW0MG402QbdbaB8ZESwUv9RO6nRfLAKvWcMxCwdLWOov36x/g==
  dependencies:
    "@types/unist" "^2.0.0"
    unist-util-is "^4.0.0"

unist-util-visit@^2.0.0:
  version "2.0.2"
  resolved "https://registry.yarnpkg.com/unist-util-visit/-/unist-util-visit-2.0.2.tgz#3843782a517de3d2357b4c193b24af2d9366afb7"
  integrity sha512-HoHNhGnKj6y+Sq+7ASo2zpVdfdRifhTgX2KTU3B/sO/TTlZchp7E3S4vjRzDJ7L60KmrCPsQkVK3lEF3cz36XQ==
  dependencies:
    "@types/unist" "^2.0.0"
    unist-util-is "^4.0.0"
    unist-util-visit-parents "^3.0.0"

wrappy@1:
  version "1.0.2"
  resolved "https://registry.yarnpkg.com/wrappy/-/wrappy-1.0.2.tgz#b5243d8f3ec1aa35f1364605bc0d1036e30ab69f"
  integrity sha1-tSQ9jz7BqjXxNkYFvA0QNuMKtp8=

xtend@^4.0.0:
  version "4.0.2"
  resolved "https://registry.yarnpkg.com/xtend/-/xtend-4.0.2.tgz#bb72779f5fa465186b1f438f674fa347fdb5db54"
  integrity sha512-LKYU1iAXJXUgAXn9URjiu+MWhyUXHsvfp7mcuYm9dSUKK0/CjtrUwFAxD82/mCWbtLsGjFIad0wIsod4zrTAEQ==

zwitch@^1.0.0, zwitch@^1.0.4:
  version "1.0.5"
  resolved "https://registry.yarnpkg.com/zwitch/-/zwitch-1.0.5.tgz#d11d7381ffed16b742f6af7b3f223d5cd9fe9920"
  integrity sha512-V50KMwwzqJV0NpZIZFwfOD5/lyny3WlSzRiXgA0G7VUnRlqttta1L6UQIHzd6EuBY/cHGfwTIck7w1yH6Q5zUw==
